
Microsoft Visual Studio Solution File, Format Version 12.00
# Visual Studio 15
VisualStudioVersion = 15.0.28307.168
MinimumVisualStudioVersion = 10.0.40219.1
Project("{FAE04EC0-301F-11D3-BF4B-00C04F79EFBC}") = "Template", "Template\Template.csproj", "{67074ADF-9789-4325-828F-E478BD5FA666}"
EndProject
Global
	GlobalSection(SolutionConfigurationPlatforms) = preSolution
		Debug|Any CPU = Debug|Any CPU
		Release|Any CPU = Release|Any CPU
	EndGlobalSection
	GlobalSection(ProjectConfigurationPlatforms) = postSolution
		{67074ADF-9789-4325-828F-E478BD5FA666}.Debug|Any CPU.ActiveCfg = Debug|Any CPU
		{67074ADF-9789-4325-828F-E478BD5FA666}.Debug|Any CPU.Build.0 = Debug|Any CPU
		{67074ADF-9789-4325-828F-E478BD5FA666}.Release|Any CPU.ActiveCfg = Release|Any CPU
		{67074ADF-9789-4325-828F-E478BD5FA666}.Release|Any CPU.Build.0 = Release|Any CPU
	EndGlobalSection
	GlobalSection(SolutionProperties) = preSolution
		HideSolutionNode = FALSE
	EndGlobalSection
	GlobalSection(ExtensibilityGlobals) = postSolution
		SolutionGuid = {EE872247-60A4-427B-812D-DCECCDFB9C46}
	EndGlobalSection
EndGlobal
